
Microsoft Visual Studio Solution File, Format Version 12.00
# Visual Studio 14
VisualStudioVersion = 14.0.24720.0
MinimumVisualStudioVersion = 10.0.40219.1
Project("{FAE04EC0-301F-11D3-BF4B-00C04F79EFBC}") = "CryptoLib", "CryptoLib\CryptoLib.csproj", "{DD9FBC4E-C973-4B3C-8412-28497BD81CC7}"
EndProject
Project("{2150E333-8FDC-42A3-9474-1A3956D46DE8}") = "Solution Items", "Solution Items", "{8AD312F9-F0A6-46C6-97EC-FBD35860976A}"
	ProjectSection(SolutionItems) = preProject
		CryptoLib.vsmdi = CryptoLib.vsmdi
		Local.testsettings = Local.testsettings
		TraceAndTestImpact.testsettings = TraceAndTestImpact.testsettings
	EndProjectSection
EndProject
Project("{FAE04EC0-301F-11D3-BF4B-00C04F79EFBC}") = "CryptoTools", "CryptoTools\CryptoTools.csproj", "{E8E4BA44-0B96-4EB4-9736-5DBB7E70744F}"
EndProject
Global
	GlobalSection(SolutionConfigurationPlatforms) = preSolution
		Debug|Any CPU = Debug|Any CPU
		Debug|Mixed Platforms = Debug|Mixed Platforms
		Debug|x86 = Debug|x86
		Release|Any CPU = Release|Any CPU
		Release|Mixed Platforms = Release|Mixed Platforms
		Release|x86 = Release|x86
	EndGlobalSection
	GlobalSection(ProjectConfigurationPlatforms) = postSolution
		{DD9FBC4E-C973-4B3C-8412-28497BD81CC7}.Debug|Any CPU.ActiveCfg = Debug|Any CPU
		{DD9FBC4E-C973-4B3C-8412-28497BD81CC7}.Debug|Any CPU.Build.0 = Debug|Any CPU
		{DD9FBC4E-C973-4B3C-8412-28497BD81CC7}.Debug|Mixed Platforms.ActiveCfg = Debug|Any CPU
		{DD9FBC4E-C973-4B3C-8412-28497BD81CC7}.Debug|Mixed Platforms.Build.0 = Debug|Any CPU
		{DD9FBC4E-C973-4B3C-8412-28497BD81CC7}.Debug|x86.ActiveCfg = Debug|Any CPU
		{DD9FBC4E-C973-4B3C-8412-28497BD81CC7}.Release|Any CPU.ActiveCfg = Release|Any CPU
		{DD9FBC4E-C973-4B3C-8412-28497BD81CC7}.Release|Any CPU.Build.0 = Release|Any CPU
		{DD9FBC4E-C973-4B3C-8412-28497BD81CC7}.Release|Mixed Platforms.ActiveCfg = Release|Any CPU
		{DD9FBC4E-C973-4B3C-8412-28497BD81CC7}.Release|Mixed Platforms.Build.0 = Release|Any CPU
		{DD9FBC4E-C973-4B3C-8412-28497BD81CC7}.Release|x86.ActiveCfg = Release|Any CPU
		{E8E4BA44-0B96-4EB4-9736-5DBB7E70744F}.Debug|Any CPU.ActiveCfg = Debug|x86
		{E8E4BA44-0B96-4EB4-9736-5DBB7E70744F}.Debug|Mixed Platforms.ActiveCfg = Debug|x86
		{E8E4BA44-0B96-4EB4-9736-5DBB7E70744F}.Debug|Mixed Platforms.Build.0 = Debug|x86
		{E8E4BA44-0B96-4EB4-9736-5DBB7E70744F}.Debug|x86.ActiveCfg = Debug|x86
		{E8E4BA44-0B96-4EB4-9736-5DBB7E70744F}.Debug|x86.Build.0 = Debug|x86
		{E8E4BA44-0B96-4EB4-9736-5DBB7E70744F}.Release|Any CPU.ActiveCfg = Release|x86
		{E8E4BA44-0B96-4EB4-9736-5DBB7E70744F}.Release|Mixed Platforms.ActiveCfg = Release|x86
		{E8E4BA44-0B96-4EB4-9736-5DBB7E70744F}.Release|Mixed Platforms.Build.0 = Release|x86
		{E8E4BA44-0B96-4EB4-9736-5DBB7E70744F}.Release|x86.ActiveCfg = Release|x86
		{E8E4BA44-0B96-4EB4-9736-5DBB7E70744F}.Release|x86.Build.0 = Release|x86
	EndGlobalSection
	GlobalSection(SolutionProperties) = preSolution
		HideSolutionNode = FALSE
	EndGlobalSection
	GlobalSection(TestCaseManagementSettings) = postSolution
		CategoryFile = CryptoLib.vsmdi
	EndGlobalSection
EndGlobal
